
Microsoft Visual Studio Solution File, Format Version 12.00
# Visual Studio Version 16
VisualStudioVersion = 16.6.30114.105
MinimumVisualStudioVersion = 10.0.40219.1
Project("{2150E333-8FDC-42A3-9474-1A3956D46DE8}") = "Common", "Common", "{A0219B2D-1B38-4BA6-B03A-320FA1CB2158}"
EndProject
Project("{9A19103F-16F7-4668-BE54-9A1E7A4F7556}") = "WeatherAcquisition.Domain", "Common\WeatherAcquisition.Domain\WeatherAcquisition.Domain.csproj", "{ED05E45F-8B22-40B5-BC29-F99B74348A66}"
EndProject
Project("{9A19103F-16F7-4668-BE54-9A1E7A4F7556}") = "WeatherAcquisition.Domain.Base", "Common\WeatherAcquisition.Domain.Base\WeatherAcquisition.Domain.Base.csproj", "{57670798-F026-4ADD-A5C2-328276B3B8BA}"
EndProject
Project("{2150E333-8FDC-42A3-9474-1A3956D46DE8}") = "Data", "Data", "{4A171912-FE38-42DC-9705-0F1EF1D6118E}"
EndProject
Project("{9A19103F-16F7-4668-BE54-9A1E7A4F7556}") = "WeatherAcquisition.DAL", "Data\WeatherAcquisition.DAL\WeatherAcquisition.DAL.csproj", "{500C8BA5-F1C4-4030-8554-529EA365944C}"
EndProject
Project("{9A19103F-16F7-4668-BE54-9A1E7A4F7556}") = "WeatherAcquisition.DAL.SqlServer", "Data\WeatherAcquisition.DAL.SqlServer\WeatherAcquisition.DAL.SqlServer.csproj", "{8A4C9FC7-C6D5-4E36-AA04-108D076397BE}"
EndProject
Project("{2150E333-8FDC-42A3-9474-1A3956D46DE8}") = "Services", "Services", "{38789DA6-C87E-46E8-8E7B-9AB1AD266644}"
EndProject
Project("{2150E333-8FDC-42A3-9474-1A3956D46DE8}") = "Ul", "Ul", "{9E551D9F-3497-47B7-84B7-70A58E52680A}"
EndProject
Project("{9A19103F-16F7-4668-BE54-9A1E7A4F7556}") = "WeatherAcquisition.API", "Services\WeatherAcquisition.API\WeatherAcquisition.API.csproj", "{59419879-640B-461E-BA83-229E4C97C878}"
EndProject
Project("{9A19103F-16F7-4668-BE54-9A1E7A4F7556}") = "WeatherAcquisition.Interfaces", "Services\WeatherAcquisition.Interfaces\WeatherAcquisition.Interfaces.csproj", "{F2B71345-8D34-410A-AB49-C6EA4D3FCC8A}"
EndProject
Project("{9A19103F-16F7-4668-BE54-9A1E7A4F7556}") = "WeatherAcquisition.Interfaces.Base", "Services\WeatherAcquisition.Interfaces.Base\WeatherAcquisition.Interfaces.Base.csproj", "{C49F49A9-B41A-4D42-9A0B-8C3C405BC406}"
EndProject
Project("{9A19103F-16F7-4668-BE54-9A1E7A4F7556}") = "WeatherAcquisition.WebAPIClients", "Services\WeatherAcquisition.WebAPIClients\WeatherAcquisition.WebAPIClients.csproj", "{4C4910DB-4AA5-49B2-9B43-B25391C35830}"
EndProject
Project("{9A19103F-16F7-4668-BE54-9A1E7A4F7556}") = "WeatherAcquisition.ConsoleUI", "Ul\WeatherAcquisition.ConsoleUI\WeatherAcquisition.ConsoleUI.csproj", "{49674B60-AEAC-477B-85E1-2778B1691407}"
EndProject
Project("{9A19103F-16F7-4668-BE54-9A1E7A4F7556}") = "WeatherAcquisition.WPF", "Ul\WeatherAcquisition.WPF\WeatherAcquisition.WPF.csproj", "{A495D18A-86D6-4DAC-84E9-E188A26CA2F6}"
EndProject
Global
	GlobalSection(SolutionConfigurationPlatforms) = preSolution
		Debug|Any CPU = Debug|Any CPU
		Debug|x64 = Debug|x64
		Debug|x86 = Debug|x86
		Release|Any CPU = Release|Any CPU
		Release|x64 = Release|x64
		Release|x86 = Release|x86
	EndGlobalSection
	GlobalSection(ProjectConfigurationPlatforms) = postSolution
		{ED05E45F-8B22-40B5-BC29-F99B74348A66}.Debug|Any CPU.ActiveCfg = Debug|Any CPU
		{ED05E45F-8B22-40B5-BC29-F99B74348A66}.Debug|Any CPU.Build.0 = Debug|Any CPU
		{ED05E45F-8B22-40B5-BC29-F99B74348A66}.Debug|x64.ActiveCfg = Debug|Any CPU
		{ED05E45F-8B22-40B5-BC29-F99B74348A66}.Debug|x64.Build.0 = Debug|Any CPU
		{ED05E45F-8B22-40B5-BC29-F99B74348A66}.Debug|x86.ActiveCfg = Debug|Any CPU
		{ED05E45F-8B22-40B5-BC29-F99B74348A66}.Debug|x86.Build.0 = Debug|Any CPU
		{ED05E45F-8B22-40B5-BC29-F99B74348A66}.Release|Any CPU.ActiveCfg = Release|Any CPU
		{ED05E45F-8B22-40B5-BC29-F99B74348A66}.Release|Any CPU.Build.0 = Release|Any CPU
		{ED05E45F-8B22-40B5-BC29-F99B74348A66}.Release|x64.ActiveCfg = Release|Any CPU
		{ED05E45F-8B22-40B5-BC29-F99B74348A66}.Release|x64.Build.0 = Release|Any CPU
		{ED05E45F-8B22-40B5-BC29-F99B74348A66}.Release|x86.ActiveCfg = Release|Any CPU
		{ED05E45F-8B22-40B5-BC29-F99B74348A66}.Release|x86.Build.0 = Release|Any CPU
		{57670798-F026-4ADD-A5C2-328276B3B8BA}.Debug|Any CPU.ActiveCfg = Debug|Any CPU
		{57670798-F026-4ADD-A5C2-328276B3B8BA}.Debug|Any CPU.Build.0 = Debug|Any CPU
		{57670798-F026-4ADD-A5C2-328276B3B8BA}.Debug|x64.ActiveCfg = Debug|Any CPU
		{57670798-F026-4ADD-A5C2-328276B3B8BA}.Debug|x64.Build.0 = Debug|Any CPU
		{57670798-F026-4ADD-A5C2-328276B3B8BA}.Debug|x86.ActiveCfg = Debug|Any CPU
		{57670798-F026-4ADD-A5C2-328276B3B8BA}.Debug|x86.Build.0 = Debug|Any CPU
		{57670798-F026-4ADD-A5C2-328276B3B8BA}.Release|Any CPU.ActiveCfg = Release|Any CPU
		{57670798-F026-4ADD-A5C2-328276B3B8BA}.Release|Any CPU.Build.0 = Release|Any CPU
		{57670798-F026-4ADD-A5C2-328276B3B8BA}.Release|x64.ActiveCfg = Release|Any CPU
		{57670798-F026-4ADD-A5C2-328276B3B8BA}.Release|x64.Build.0 = Release|Any CPU
		{57670798-F026-4ADD-A5C2-328276B3B8BA}.Release|x86.ActiveCfg = Release|Any CPU
		{57670798-F026-4ADD-A5C2-328276B3B8BA}.Release|x86.Build.0 = Release|Any CPU
		{500C8BA5-F1C4-4030-8554-529EA365944C}.Debug|Any CPU.ActiveCfg = Debug|Any CPU
		{500C8BA5-F1C4-4030-8554-529EA365944C}.Debug|Any CPU.Build.0 = Debug|Any CPU
		{500C8BA5-F1C4-4030-8554-529EA365944C}.Debug|x64.ActiveCfg = Debug|Any CPU
		{500C8BA5-F1C4-4030-8554-529EA365944C}.Debug|x64.Build.0 = Debug|Any CPU
		{500C8BA5-F1C4-4030-8554-529EA365944C}.Debug|x86.ActiveCfg = Debug|Any CPU
		{500C8BA5-F1C4-4030-8554-529EA365944C}.Debug|x86.Build.0 = Debug|Any CPU
		{500C8BA5-F1C4-4030-8554-529EA365944C}.Release|Any CPU.ActiveCfg = Release|Any CPU
		{500C8BA5-F1C4-4030-8554-529EA365944C}.Release|Any CPU.Build.0 = Release|Any CPU
		{500C8BA5-F1C4-4030-8554-529EA365944C}.Release|x64.ActiveCfg = Release|Any CPU
		{500C8BA5-F1C4-4030-8554-529EA365944C}.Release|x64.Build.0 = Release|Any CPU
		{500C8BA5-F1C4-4030-8554-529EA365944C}.Release|x86.ActiveCfg = Release|Any CPU
		{500C8BA5-F1C4-4030-8554-529EA365944C}.Release|x86.Build.0 = Release|Any CPU
		{8A4C9FC7-C6D5-4E36-AA04-108D076397BE}.Debug|Any CPU.ActiveCfg = Debug|Any CPU
		{8A4C9FC7-C6D5-4E36-AA04-108D076397BE}.Debug|Any CPU.Build.0 = Debug|Any CPU
		{8A4C9FC7-C6D5-4E36-AA04-108D076397BE}.Debug|x64.ActiveCfg = Debug|Any CPU
		{8A4C9FC7-C6D5-4E36-AA04-108D076397BE}.Debug|x64.Build.0 = Debug|Any CPU
		{8A4C9FC7-C6D5-4E36-AA04-108D076397BE}.Debug|x86.ActiveCfg = Debug|Any CPU
		{8A4C9FC7-C6D5-4E36-AA04-108D076397BE}.Debug|x86.Build.0 = Debug|Any CPU
		{8A4C9FC7-C6D5-4E36-AA04-108D076397BE}.Release|Any CPU.ActiveCfg = Release|Any CPU
		{8A4C9FC7-C6D5-4E36-AA04-108D076397BE}.Release|Any CPU.Build.0 = Release|Any CPU
		{8A4C9FC7-C6D5-4E36-AA04-108D076397BE}.Release|x64.ActiveCfg = Release|Any CPU
		{8A4C9FC7-C6D5-4E36-AA04-108D076397BE}.Release|x64.Build.0 = Release|Any CPU
		{8A4C9FC7-C6D5-4E36-AA04-108D076397BE}.Release|x86.ActiveCfg = Release|Any CPU
		{8A4C9FC7-C6D5-4E36-AA04-108D076397BE}.Release|x86.Build.0 = Release|Any CPU
		{59419879-640B-461E-BA83-229E4C97C878}.Debug|Any CPU.ActiveCfg = Debug|Any CPU
		{59419879-640B-461E-BA83-229E4C97C878}.Debug|Any CPU.Build.0 = Debug|Any CPU
		{59419879-640B-461E-BA83-229E4C97C878}.Debug|x64.ActiveCfg = Debug|Any CPU
		{59419879-640B-461E-BA83-229E4C97C878}.Debug|x64.Build.0 = Debug|Any CPU
		{59419879-640B-461E-BA83-229E4C97C878}.Debug|x86.ActiveCfg = Debug|Any CPU
		{59419879-640B-461E-BA83-229E4C97C878}.Debug|x86.Build.0 = Debug|Any CPU
		{59419879-640B-461E-BA83-229E4C97C878}.Release|Any CPU.ActiveCfg = Release|Any CPU
		{59419879-640B-461E-BA83-229E4C97C878}.Release|Any CPU.Build.0 = Release|Any CPU
		{59419879-640B-461E-BA83-229E4C97C878}.Release|x64.ActiveCfg = Release|Any CPU
		{59419879-640B-461E-BA83-229E4C97C878}.Release|x64.Build.0 = Release|Any CPU
		{59419879-640B-461E-BA83-229E4C97C878}.Release|x86.ActiveCfg = Release|Any CPU
		{59419879-640B-461E-BA83-229E4C97C878}.Release|x86.Build.0 = Release|Any CPU
		{F2B71345-8D34-410A-AB49-C6EA4D3FCC8A}.Debug|Any CPU.ActiveCfg = Debug|Any CPU
		{F2B71345-8D34-410A-AB49-C6EA4D3FCC8A}.Debug|Any CPU.Build.0 = Debug|Any CPU
		{F2B71345-8D34-410A-AB49-C6EA4D3FCC8A}.Debug|x64.ActiveCfg = Debug|Any CPU
		{F2B71345-8D34-410A-AB49-C6EA4D3FCC8A}.Debug|x64.Build.0 = Debug|Any CPU
		{F2B71345-8D34-410A-AB49-C6EA4D3FCC8A}.Debug|x86.ActiveCfg = Debug|Any CPU
		{F2B71345-8D34-410A-AB49-C6EA4D3FCC8A}.Debug|x86.Build.0 = Debug|Any CPU
		{F2B71345-8D34-410A-AB49-C6EA4D3FCC8A}.Release|Any CPU.ActiveCfg = Release|Any CPU
		{F2B71345-8D34-410A-AB49-C6EA4D3FCC8A}.Release|Any CPU.Build.0 = Release|Any CPU
		{F2B71345-8D34-410A-AB49-C6EA4D3FCC8A}.Release|x64.ActiveCfg = Release|Any CPU
		{F2B71345-8D34-410A-AB49-C6EA4D3FCC8A}.Release|x64.Build.0 = Release|Any CPU
		{F2B71345-8D34-410A-AB49-C6EA4D3FCC8A}.Release|x86.ActiveCfg = Release|Any CPU
		{F2B71345-8D34-410A-AB49-C6EA4D3FCC8A}.Release|x86.Build.0 = Release|Any CPU
		{C49F49A9-B41A-4D42-9A0B-8C3C405BC406}.Debug|Any CPU.ActiveCfg = Debug|Any CPU
		{C49F49A9-B41A-4D42-9A0B-8C3C405BC406}.Debug|Any CPU.Build.0 = Debug|Any CPU
		{C49F49A9-B41A-4D42-9A0B-8C3C405BC406}.Debug|x64.ActiveCfg = Debug|Any CPU
		{C49F49A9-B41A-4D42-9A0B-8C3C405BC406}.Debug|x64.Build.0 = Debug|Any CPU
		{C49F49A9-B41A-4D42-9A0B-8C3C405BC406}.Debug|x86.ActiveCfg = Debug|Any CPU
		{C49F49A9-B41A-4D42-9A0B-8C3C405BC406}.Debug|x86.Build.0 = Debug|Any CPU
		{C49F49A9-B41A-4D42-9A0B-8C3C405BC406}.Release|Any CPU.ActiveCfg = Release|Any CPU
		{C49F49A9-B41A-4D42-9A0B-8C3C405BC406}.Release|Any CPU.Build.0 = Release|Any CPU
		{C49F49A9-B41A-4D42-9A0B-8C3C405BC406}.Release|x64.ActiveCfg = Release|Any CPU
		{C49F49A9-B41A-4D42-9A0B-8C3C405BC406}.Release|x64.Build.0 = Release|Any CPU
		{C49F49A9-B41A-4D42-9A0B-8C3C405BC406}.Release|x86.ActiveCfg = Release|Any CPU
		{C49F49A9-B41A-4D42-9A0B-8C3C405BC406}.Release|x86.Build.0 = Release|Any CPU
		{4C4910DB-4AA5-49B2-9B43-B25391C35830}.Debug|Any CPU.ActiveCfg = Debug|Any CPU
		{4C4910DB-4AA5-49B2-9B43-B25391C35830}.Debug|Any CPU.Build.0 = Debug|Any CPU
		{4C4910DB-4AA5-49B2-9B43-B25391C35830}.Debug|x64.ActiveCfg = Debug|Any CPU
		{4C4910DB-4AA5-49B2-9B43-B25391C35830}.Debug|x64.Build.0 = Debug|Any CPU
		{4C4910DB-4AA5-49B2-9B43-B25391C35830}.Debug|x86.ActiveCfg = Debug|Any CPU
		{4C4910DB-4AA5-49B2-9B43-B25391C35830}.Debug|x86.Build.0 = Debug|Any CPU
		{4C4910DB-4AA5-49B2-9B43-B25391C35830}.Release|Any CPU.ActiveCfg = Release|Any CPU
		{4C4910DB-4AA5-49B2-9B43-B25391C35830}.Release|Any CPU.Build.0 = Release|Any CPU
		{4C4910DB-4AA5-49B2-9B43-B25391C35830}.Release|x64.ActiveCfg = Release|Any CPU
		{4C4910DB-4AA5-49B2-9B43-B25391C35830}.Release|x64.Build.0 = Release|Any CPU
		{4C4910DB-4AA5-49B2-9B43-B25391C35830}.Release|x86.ActiveCfg = Release|Any CPU
		{4C4910DB-4AA5-49B2-9B43-B25391C35830}.Release|x86.Build.0 = Release|Any CPU
		{49674B60-AEAC-477B-85E1-2778B1691407}.Debug|Any CPU.ActiveCfg = Debug|Any CPU
		{49674B60-AEAC-477B-85E1-2778B1691407}.Debug|Any CPU.Build.0 = Debug|Any CPU
		{49674B60-AEAC-477B-85E1-2778B1691407}.Debug|x64.ActiveCfg = Debug|Any CPU
		{49674B60-AEAC-477B-85E1-2778B1691407}.Debug|x64.Build.0 = Debug|Any CPU
		{49674B60-AEAC-477B-85E1-2778B1691407}.Debug|x86.ActiveCfg = Debug|Any CPU
		{49674B60-AEAC-477B-85E1-2778B1691407}.Debug|x86.Build.0 = Debug|Any CPU
		{49674B60-AEAC-477B-85E1-2778B1691407}.Release|Any CPU.ActiveCfg = Release|Any CPU
		{49674B60-AEAC-477B-85E1-2778B1691407}.Release|Any CPU.Build.0 = Release|Any CPU
		{49674B60-AEAC-477B-85E1-2778B1691407}.Release|x64.ActiveCfg = Release|Any CPU
		{49674B60-AEAC-477B-85E1-2778B1691407}.Release|x64.Build.0 = Release|Any CPU
		{49674B60-AEAC-477B-85E1-2778B1691407}.Release|x86.ActiveCfg = Release|Any CPU
		{49674B60-AEAC-477B-85E1-2778B1691407}.Release|x86.Build.0 = Release|Any CPU
		{A495D18A-86D6-4DAC-84E9-E188A26CA2F6}.Debug|Any CPU.ActiveCfg = Debug|Any CPU
		{A495D18A-86D6-4DAC-84E9-E188A26CA2F6}.Debug|Any CPU.Build.0 = Debug|Any CPU
		{A495D18A-86D6-4DAC-84E9-E188A26CA2F6}.Debug|x64.ActiveCfg = Debug|Any CPU
		{A495D18A-86D6-4DAC-84E9-E188A26CA2F6}.Debug|x64.Build.0 = Debug|Any CPU
		{A495D18A-86D6-4DAC-84E9-E188A26CA2F6}.Debug|x86.ActiveCfg = Debug|Any CPU
		{A495D18A-86D6-4DAC-84E9-E188A26CA2F6}.Debug|x86.Build.0 = Debug|Any CPU
		{A495D18A-86D6-4DAC-84E9-E188A26CA2F6}.Release|Any CPU.ActiveCfg = Release|Any CPU
		{A495D18A-86D6-4DAC-84E9-E188A26CA2F6}.Release|Any CPU.Build.0 = Release|Any CPU
		{A495D18A-86D6-4DAC-84E9-E188A26CA2F6}.Release|x64.ActiveCfg = Release|Any CPU
		{A495D18A-86D6-4DAC-84E9-E188A26CA2F6}.Release|x64.Build.0 = Release|Any CPU
		{A495D18A-86D6-4DAC-84E9-E188A26CA2F6}.Release|x86.ActiveCfg = Release|Any CPU
		{A495D18A-86D6-4DAC-84E9-E188A26CA2F6}.Release|x86.Build.0 = Release|Any CPU
	EndGlobalSection
	GlobalSection(SolutionProperties) = preSolution
		HideSolutionNode = FALSE
	EndGlobalSection
	GlobalSection(NestedProjects) = preSolution
		{ED05E45F-8B22-40B5-BC29-F99B74348A66} = {A0219B2D-1B38-4BA6-B03A-320FA1CB2158}
		{57670798-F026-4ADD-A5C2-328276B3B8BA} = {A0219B2D-1B38-4BA6-B03A-320FA1CB2158}
		{500C8BA5-F1C4-4030-8554-529EA365944C} = {4A171912-FE38-42DC-9705-0F1EF1D6118E}
		{8A4C9FC7-C6D5-4E36-AA04-108D076397BE} = {4A171912-FE38-42DC-9705-0F1EF1D6118E}
		{59419879-640B-461E-BA83-229E4C97C878} = {38789DA6-C87E-46E8-8E7B-9AB1AD266644}
		{F2B71345-8D34-410A-AB49-C6EA4D3FCC8A} = {38789DA6-C87E-46E8-8E7B-9AB1AD266644}
		{C49F49A9-B41A-4D42-9A0B-8C3C405BC406} = {38789DA6-C87E-46E8-8E7B-9AB1AD266644}
		{4C4910DB-4AA5-49B2-9B43-B25391C35830} = {38789DA6-C87E-46E8-8E7B-9AB1AD266644}
		{49674B60-AEAC-477B-85E1-2778B1691407} = {9E551D9F-3497-47B7-84B7-70A58E52680A}
		{A495D18A-86D6-4DAC-84E9-E188A26CA2F6} = {9E551D9F-3497-47B7-84B7-70A58E52680A}
	EndGlobalSection
	GlobalSection(ExtensibilityGlobals) = postSolution
		SolutionGuid = {8D441EE5-A304-4199-9591-E846B14C2EA9}
	EndGlobalSection
EndGlobal
